
Microsoft Visual Studio Solution File, Format Version 12.00
# Visual Studio Version 18
VisualStudioVersion = 18.4.11612.150 stable
MinimumVisualStudioVersion = 10.0.40219.1
Project("{FAE04EC0-301F-11D3-BF4B-00C04F79EFBC}") = "test.upscale.app", "test.upscale.app.csproj", "{D4534DC3-B4C9-DBCB-9F70-2FD843D9947B}"
EndProject
Global
	GlobalSection(SolutionConfigurationPlatforms) = preSolution
		Debug|Any CPU = Debug|Any CPU
		Release|Any CPU = Release|Any CPU
	EndGlobalSection
	GlobalSection(ProjectConfigurationPlatforms) = postSolution
		{D4534DC3-B4C9-DBCB-9F70-2FD843D9947B}.Debug|Any CPU.ActiveCfg = Debug|Any CPU
		{D4534DC3-B4C9-DBCB-9F70-2FD843D9947B}.Debug|Any CPU.Build.0 = Debug|Any CPU
		{D4534DC3-B4C9-DBCB-9F70-2FD843D9947B}.Release|Any CPU.ActiveCfg = Release|Any CPU
		{D4534DC3-B4C9-DBCB-9F70-2FD843D9947B}.Release|Any CPU.Build.0 = Release|Any CPU
	EndGlobalSection
	GlobalSection(SolutionProperties) = preSolution
		HideSolutionNode = FALSE
	EndGlobalSection
	GlobalSection(ExtensibilityGlobals) = postSolution
		SolutionGuid = {934C7E73-AB9A-40C8-9628-EFEA0736A16C}
	EndGlobalSection
EndGlobal
